// !$*UTF8*$!
{
	archiveVersion = 1;
	classes = {
	};
	objectVersion = 46;
	objects = {

/* Begin PBXBuildFile section */
		39E267B61E7BAF42007FF885 /* main.m in Sources */ = {isa = PBXBuildFile; fileRef = 39E267B51E7BAF42007FF885 /* main.m */; };
		39E267B91E7BAF42007FF885 /* AppDelegate.m in Sources */ = {isa = PBXBuildFile; fileRef = 39E267B81E7BAF42007FF885 /* AppDelegate.m */; };
		39E267BC1E7BAF42007FF885 /* ViewController.m in Sources */ = {isa = PBXBuildFile; fileRef = 39E267BB1E7BAF42007FF885 /* ViewController.m */; };
		39E267BF1E7BAF42007FF885 /* Main.storyboard in Resources */ = {isa = PBXBuildFile; fileRef = 39E267BD1E7BAF42007FF885 /* Main.storyboard */; };
		39E267C11E7BAF42007FF885 /* Assets.xcassets in Resources */ = {isa = PBXBuildFile; fileRef = 39E267C01E7BAF42007FF885 /* Assets.xcassets */; };
		39E267C41E7BAF42007FF885 /* LaunchScreen.storyboard in Resources */ = {isa = PBXBuildFile; fileRef = 39E267C21E7BAF42007FF885 /* LaunchScreen.storyboard */; };
/* End PBXBuildFile section */

/* Begin PBXFileReference section */
		39E267B11E7BAF42007FF885 /* ScrollCard.app */ = {isa = PBXFileReference; explicitFileType = wrapper.application; includeInIndex = 0; path = ScrollCard.app; sourceTree = BUILT_PRODUCTS_DIR; };
		39E267B51E7BAF42007FF885 /* main.m */ = {isa = PBXFileReference; lastKnownFileType = sourcecode.c.objc; path = main.m; sourceTree = "<group>"; };
		39E267B71E7BAF42007FF885 /* AppDelegate.h */ = {isa = PBXFileReference; lastKnownFileType = sourcecode.c.h; path = AppDelegate.h; sourceTree = "<group>"; };
		39E267B81E7BAF42007FF885 /* AppDelegate.m */ = {isa = PBXFileReference; lastKnownFileType = sourcecode.c.objc; path = AppDelegate.m; sourceTree = "<group>"; };
		39E267BA1E7BAF42007FF885 /* ViewController.h */ = {isa = PBXFileReference; lastKnownFileType = sourcecode.c.h; path = ViewController.h; sourceTree = "<group>"; };
		39E267BB1E7BAF42007FF885 /* ViewController.m */ = {isa = PBXFileReference; lastKnownFileType = sourcecode.c.objc; path = ViewController.m; sourceTree = "<group>"; };
		39E267BE1E7BAF42007FF885 /* Base */ = {isa = PBXFileReference; lastKnownFileType = file.storyboard; name = Base; path = Base.lproj/Main.storyboard; sourceTree = "<group>"; };
		39E267C01E7BAF42007FF885 /* Assets.xcassets */ = {isa = PBXFileReference; lastKnownFileType = folder.assetcatalog; path = Assets.xcassets; sourceTree = "<group>"; };
		39E267C31E7BAF42007FF885 /* Base */ = {isa = PBXFileReference; lastKnownFileType = file.storyboard; name = Base; path = Base.lproj/LaunchScreen.storyboard; sourceTree = "<group>"; };
		39E267C51E7BAF42007FF885 /* Info.plist */ = {isa = PBXFileReference; lastKnownFileType = text.plist.xml; path = Info.plist; sourceTree = "<group>"; };
/* End PBXFileReference section */

/* Begin PBXFrameworksBuildPhase section */
		39E267AE1E7BAF42007FF885 /* Frameworks */ = {
			isa = PBXFrameworksBuildPhase;
			buildActionMask = 2147483647;
			files = (
			);
			runOnlyForDeploymentPostprocessing = 0;
		};
/* End PBXFrameworksBuildPhase section */

/* Begin PBXGroup section */
		39E267A81E7BAF42007FF885 = {
			isa = PBXGroup;
			children = (
				39E267B31E7BAF42007FF885 /* ScrollCard */,
				39E267B21E7BAF42007FF885 /* Products */,
			);
			sourceTree = "<group>";
		};
		39E267B21E7BAF42007FF885 /* Products */ = {
			isa = PBXGroup;
			children = (
				39E267B11E7BAF42007FF885 /* ScrollCard.app */,
			);
			name = Products;
			sourceTree = "<group>";
		};
		39E267B31E7BAF42007FF885 /* ScrollCard */ = {
			isa = PBXGroup;
			children = (
				39E267B71E7BAF42007FF885 /* AppDelegate.h */,
				39E267B81E7BAF42007FF885 /* AppDelegate.m */,
				39E267BA1E7BAF42007FF885 /* ViewController.h */,
				39E267BB1E7BAF42007FF885 /* ViewController.m */,
				39E267BD1E7BAF42007FF885 /* Main.storyboard */,
				39E267C01E7BAF42007FF885 /* Assets.xcassets */,
				39E267C21E7BAF42007FF885 /* LaunchScreen.storyboard */,
				39E267C51E7BAF42007FF885 /* Info.plist */,
				39E267B41E7BAF42007FF885 /* Supporting Files */,
			);
			path = ScrollCard;
			sourceTree = "<group>";
		};
		39E267B41E7BAF42007FF885 /* Supporting Files */ = {
			isa = PBXGroup;
			children = (
				39E267B51E7BAF42007FF885 /* main.m */,
			);
			name = "Supporting Files";
			sourceTree = "<group>";
		};
/* End PBXGroup section */

/* Begin PBXNativeTarget section */
		39E267B01E7BAF42007FF885 /* ScrollCard */ = {
			isa = PBXNativeTarget;
			buildConfigurationList = 39E267C81E7BAF42007FF885 /* Build configuration list for PBXNativeTarget "ScrollCard" */;
			buildPhases = (
				39E267AD1E7BAF42007FF885 /* Sources */,
				39E267AE1E7BAF42007FF885 /* Frameworks */,
				39E267AF1E7BAF42007FF885 /* Resources */,
			);
			buildRules = (
			);
			dependencies = (
			);
			name = ScrollCard;
			productName = ScrollCard;
			productReference = 39E267B11E7BAF42007FF885 /* ScrollCard.app */;
			productType = "com.apple.product-type.application";
		};
/* End PBXNativeTarget section */

/* Begin PBXProject section */
		39E267A91E7BAF42007FF885 /* Project object */ = {
			isa = PBXProject;
			attributes = {
				LastUpgradeCheck = 0720;
				ORGANIZATIONNAME = jam;
				TargetAttributes = {
					39E267B01E7BAF42007FF885 = {
						CreatedOnToolsVersion = 7.2.1;
					};
				};
			};
			buildConfigurationList = 39E267AC1E7BAF42007FF885 /* Build configuration list for PBXProject "ScrollCard" */;
			compatibilityVersion = "Xcode 3.2";
			developmentRegion = English;
			hasScannedForEncodings = 0;
			knownRegions = (
				en,
				Base,
			);
			mainGroup = 39E267A81E7BAF42007FF885;
			productRefGroup = 39E267B21E7BAF42007FF885 /* Products */;
			projectDirPath = "";
			projectRoot = "";
			targets = (
				39E267B01E7BAF42007FF885 /* ScrollCard */,
			);
		};
/* End PBXProject section */

/* Begin PBXResourcesBuildPhase section */
		39E267AF1E7BAF42007FF885 /* Resources */ = {
			isa = PBXResourcesBuildPhase;
			buildActionMask = 2147483647;
			files = (
				39E267C41E7BAF42007FF885 /* LaunchScreen.storyboard in Resources */,
				39E267C11E7BAF42007FF885 /* Assets.xcassets in Resources */,
				39E267BF1E7BAF42007FF885 /* Main.storyboard in Resources */,
			);
			runOnlyForDeploymentPostprocessing = 0;
		};
/* End PBXResourcesBuildPhase section */

/* Begin PBXSourcesBuildPhase section */
		39E267AD1E7BAF42007FF885 /* Sources */ = {
			isa = PBXSourcesBuildPhase;
			buildActionMask = 2147483647;
			files = (
				39E267BC1E7BAF42007FF885 /* ViewController.m in Sources */,
				39E267B91E7BAF42007FF885 /* AppDelegate.m in Sources */,
				39E267B61E7BAF42007FF885 /* main.m in Sources */,
			);
			runOnlyForDeploymentPostprocessing = 0;
		};
/* End PBXSourcesBuildPhase section */

/* Begin PBXVariantGroup section */
		39E267BD1E7BAF42007FF885 /* Main.storyboard */ = {
			isa = PBXVariantGroup;
			children = (
				39E267BE1E7BAF42007FF885 /* Base */,
			);
			name = Main.storyboard;
			sourceTree = "<group>";
		};
		39E267C21E7BAF42007FF885 /* LaunchScreen.storyboard */ = {
			isa = PBXVariantGroup;
			children = (
				39E267C31E7BAF42007FF885 /* Base */,
			);
			name = LaunchScreen.storyboard;
			sourceTree = "<group>";
		};
/* End PBXVariantGroup section */

/* Begin XCBuildConfiguration section */
		39E267C61E7BAF42007FF885 /* Debug */ = {
			isa = XCBuildConfiguration;
			buildSettings = {
				ALWAYS_SEARCH_USER_PATHS = NO;
				CLANG_CXX_LANGUAGE_STANDARD = "gnu++0x";
				CLANG_CXX_LIBRARY = "libc++";
				CLANG_ENABLE_MODULES = YES;
				CLANG_ENABLE_OBJC_ARC = YES;
				CLANG_WARN_BOOL_CONVERSION = YES;
				CLANG_WARN_CONSTANT_CONVERSION = YES;
				CLANG_WARN_DIRECT_OBJC_ISA_USAGE = YES_ERROR;
				CLANG_WARN_EMPTY_BODY = YES;
				CLANG_WARN_ENUM_CONVERSION = YES;
				CLANG_WARN_INT_CONVERSION = YES;
				CLANG_WARN_OBJC_ROOT_CLASS = YES_ERROR;
				CLANG_WARN_UNREACHABLE_CODE = YES;
				CLANG_WARN__DUPLICATE_METHOD_MATCH = YES;
				"CODE_SIGN_IDENTITY[sdk=iphoneos*]" = "iPhone Developer";
				COPY_PHASE_STRIP = NO;
				DEBUG_INFORMATION_FORMAT = dwarf;
				ENABLE_STRICT_OBJC_MSGSEND = YES;
				ENABLE_TESTABILITY = YES;
				GCC_C_LANGUAGE_STANDARD = gnu99;
				GCC_DYNAMIC_NO_PIC = NO;
				GCC_NO_COMMON_BLOCKS = YES;
				GCC_OPTIMIZATION_LEVEL = 0;
				GCC_PREPROCESSOR_DEFINITIONS = (
					"DEBUG=1",
					"$(inherited)",
				);
				GCC_WARN_64_TO_32_BIT_CONVERSION = YES;
				GCC_WARN_ABOUT_RETURN_TYPE = YES_ERROR;
				GCC_WARN_UNDECLARED_SELECTOR = YES;
				GCC_WARN_UNINITIALIZED_AUTOS = YES_AGGRESSIVE;
				GCC_WARN_UNUSED_FUNCTION = YES;
				GCC_WARN_UNUSED_VARIABLE = YES;
				IPHONEOS_DEPLOYMENT_TARGET = 9.2;
				MTL_ENABLE_DEBUG_INFO = YES;
				ONLY_ACTIVE_ARCH = YES;
				SDKROOT = iphoneos;
			};
			name = Debug;
		};
		39E267C71E7BAF42007FF885 /* Release */ = {
			isa = XCBuildConfiguration;
			buildSettings = {
				ALWAYS_SEARCH_USER_PATHS = NO;
				CLANG_CXX_LANGUAGE_STANDARD = "gnu++0x";
				CLANG_CXX_LIBRARY = "libc++";
				CLANG_ENABLE_MODULES = YES;
				CLANG_ENABLE_OBJC_ARC = YES;
				CLANG_WARN_BOOL_CONVERSION = YES;
				CLANG_WARN_CONSTANT_CONVERSION = YES;
				CLANG_WARN_DIRECT_OBJC_ISA_USAGE = YES_ERROR;
				CLANG_WARN_EMPTY_BODY = YES;
				CLANG_WARN_ENUM_CONVERSION = YES;
				CLANG_WARN_INT_CONVERSION = YES;
				CLANG_WARN_OBJC_ROOT_CLASS = YES_ERROR;
				CLANG_WARN_UNREACHABLE_CODE = YES;
				CLANG_WARN__DUPLICATE_METHOD_MATCH = YES;
				"CODE_SIGN_IDENTITY[sdk=iphoneos*]" = "iPhone Developer";
				COPY_PHASE_STRIP = NO;
				DEBUG_INFORMATION_FORMAT = "dwarf-with-dsym";
				ENABLE_NS_ASSERTIONS = NO;
				ENABLE_STRICT_OBJC_MSGSEND = YES;
				GCC_C_LANGUAGE_STANDARD = gnu99;
				GCC_NO_COMMON_BLOCKS = YES;
				GCC_WARN_64_TO_32_BIT_CONVERSION = YES;
				GCC_WARN_ABOUT_RETURN_TYPE = YES_ERROR;
				GCC_WARN_UNDECLARED_SELECTOR = YES;
				GCC_WARN_UNINITIALIZED_AUTOS = YES_AGGRESSIVE;
				GCC_WARN_UNUSED_FUNCTION = YES;
				GCC_WARN_UNUSED_VARIABLE = YES;
				IPHONEOS_DEPLOYMENT_TARGET = 9.2;
				MTL_ENABLE_DEBUG_INFO = NO;
				SDKROOT = iphoneos;
				VALIDATE_PRODUCT = YES;
			};
			name = Release;
		};
		39E267C91E7BAF42007FF885 /* Debug */ = {
			isa = XCBuildConfiguration;
			buildSettings = {
				ASSETCATALOG_COMPILER_APPICON_NAME = AppIcon;
				INFOPLIST_FILE = ScrollCard/Info.plist;
				LD_RUNPATH_SEARCH_PATHS = "$(inherited) @executable_path/Frameworks";
				PRODUCT_BUNDLE_IDENTIFIER = jam.studio.ScrollCard;
				PRODUCT_NAME = "$(TARGET_NAME)";
			};
			name = Debug;
		};
		39E267CA1E7BAF42007FF885 /* Release */ = {
			isa = XCBuildConfiguration;
			buildSettings = {
				ASSETCATALOG_COMPILER_APPICON_NAME = AppIcon;
				INFOPLIST_FILE = ScrollCard/Info.plist;
				LD_RUNPATH_SEARCH_PATHS = "$(inherited) @executable_path/Frameworks";
				PRODUCT_BUNDLE_IDENTIFIER = jam.studio.ScrollCard;
				PRODUCT_NAME = "$(TARGET_NAME)";
			};
			name = Release;
		};
/* End XCBuildConfiguration section */

/* Begin XCConfigurationList section */
		39E267AC1E7BAF42007FF885 /* Build configuration list for PBXProject "ScrollCard" */ = {
			isa = XCConfigurationList;
			buildConfigurations = (
				39E267C61E7BAF42007FF885 /* Debug */,
				39E267C71E7BAF42007FF885 /* Release */,
			);
			defaultConfigurationIsVisible = 0;
			defaultConfigurationName = Release;
		};
		39E267C81E7BAF42007FF885 /* Build configuration list for PBXNativeTarget "ScrollCard" */ = {
			isa = XCConfigurationList;
			buildConfigurations = (
				39E267C91E7BAF42007FF885 /* Debug */,
				39E267CA1E7BAF42007FF885 /* Release */,
			);
			defaultConfigurationIsVisible = 0;
		};
/* End XCConfigurationList section */
	};
	rootObject = 39E267A91E7BAF42007FF885 /* Project object */;
}
